{
  "object": {
    "pins": [
      {
        "package": "Cryptor",
        "repositoryURL": "https://github.com/IBM-Swift/BlueCryptor.git",
        "state": {
          "branch": null,
          "revision": "187dbf53f70e9d1dc4fb8bcd3087e89f58170f46",
          "version": "1.0.25"
        }
      },
      {
        "package": "Socket",
        "repositoryURL": "https://github.com/IBM-Swift/BlueSocket.git",
        "state": {
          "branch": null,
          "revision": "ea61f532dd46c876f7bb8e1f8e849cac96b23b77",
          "version": "1.0.45"
        }
      },
      {
        "package": "SSLService",
        "repositoryURL": "https://github.com/IBM-Swift/BlueSSLService.git",
        "state": {
          "branch": null,
          "revision": "655299a84254737b55c777c11f0fe5d5915e1f4b",
          "version": "1.0.45"
        }
      },
      {
        "package": "CloudEnvironment",
        "repositoryURL": "https://github.com/IBM-Swift/CloudEnvironment.git",
        "state": {
          "branch": null,
          "revision": "b37c1c69e6a0d4b191eca7c064afcedfd2a1803b",
          "version": "8.0.0"
        }
      },
      {
        "package": "Configuration",
        "repositoryURL": "https://github.com/IBM-Swift/Configuration.git",
        "state": {
          "branch": null,
          "revision": "4278530545d69b99e7e391e3980c740c9371b457",
          "version": "3.0.2"
        }
      },
      {
        "package": "CZlib",
        "repositoryURL": "https://github.com/IBM-Swift/CZlib.git",
        "state": {
          "branch": null,
          "revision": "a781e6ef055fb8f0d608fe30a28e6a0f62ae498b",
          "version": "0.1.2"
        }
      },
      {
        "package": "FileKit",
        "repositoryURL": "https://github.com/IBM-Swift/FileKit.git",
        "state": {
          "branch": null,
          "revision": "319016dbf4b3ce04589265c23c9cac0016fe8096",
          "version": "0.0.1"
        }
      },
      {
        "package": "Files",
        "repositoryURL": "https://github.com/JohnSundell/Files.git",
        "state": {
          "branch": null,
          "revision": "a84615f4558151fab52ac38df697ce2442991f93",
          "version": "2.3.0"
        }
      },
      {
        "package": "HeliumLogger",
        "repositoryURL": "https://github.com/IBM-Swift/HeliumLogger.git",
        "state": {
          "branch": null,
          "revision": "5ad546a39376b911a6cd4b06e8cadf60aa9e9472",
          "version": "1.8.0"
        }
      },
      {
        "package": "Kitura",
        "repositoryURL": "https://github.com/IBM-Swift/Kitura.git",
        "state": {
          "branch": null,
          "revision": "a571d7aacd4c966fa7919a20ad344f3f55bd76a1",
          "version": "2.6.2"
        }
      },
      {
        "package": "Kitura-net",
        "repositoryURL": "https://github.com/IBM-Swift/Kitura-net.git",
        "state": {
          "branch": null,
          "revision": "d837d453a72fe914b91354708b1afb13a2b411a6",
          "version": "2.1.7"
        }
      },
      {
        "package": "Kitura-Session",
        "repositoryURL": "https://github.com/IBM-Swift/Kitura-Session.git",
        "state": {
          "branch": null,
          "revision": "6e732826c27d6bbb6156b46fc33504e8b31fb03b",
          "version": "3.3.2"
        }
      },
      {
        "package": "KituraStencil",
        "repositoryURL": "https://github.com/IBM-Swift/Kitura-StencilTemplateEngine.git",
        "state": {
          "branch": null,
          "revision": "aa6d40d2804705a440a10e676988b552ba0fc8d3",
          "version": "1.11.0"
        }
      },
      {
        "package": "Kitura-TemplateEngine",
        "repositoryURL": "https://github.com/IBM-Swift/Kitura-TemplateEngine.git",
        "state": {
          "branch": null,
          "revision": "b030d2d176719acc6a902c40db1b87dc6a83e2fc",
          "version": "2.0.0"
        }
      },
      {
        "package": "Kitura-WebSocket",
        "repositoryURL": "https://github.com/IBM-Swift/Kitura-WebSocket.git",
        "state": {
          "branch": null,
          "revision": "1c6d026a2775285d6bb7a27217683c8451221190",
          "version": "2.1.1"
        }
      },
      {
        "package": "KituraContracts",
        "repositoryURL": "https://github.com/IBM-Swift/KituraContracts.git",
        "state": {
          "branch": null,
          "revision": "acfad5b37e70590261c1181b1ad29758d20bf167",
          "version": "1.1.1"
        }
      },
      {
        "package": "LoggerAPI",
        "repositoryURL": "https://github.com/IBM-Swift/LoggerAPI.git",
        "state": {
          "branch": null,
          "revision": "d0ccb4158b83f8692531892a9c894bb757593c6f",
          "version": "1.8.0"
        }
      },
      {
        "package": "PathKit",
        "repositoryURL": "https://github.com/kylef/PathKit.git",
        "state": {
          "branch": null,
          "revision": "e2f5be30e4c8f531c9c1e8765aa7b71c0a45d7a0",
          "version": "0.9.2"
        }
      },
      {
        "package": "ShellOut",
        "repositoryURL": "https://github.com/JohnSundell/ShellOut.git",
        "state": {
          "branch": null,
          "revision": "d3d54ce662dfee7fef619330b71d251b8d4869f9",
          "version": "2.2.0"
        }
      },
      {
        "package": "Spectre",
        "repositoryURL": "https://github.com/kylef/Spectre.git",
        "state": {
          "branch": null,
          "revision": "f14ff47f45642aa5703900980b014c2e9394b6e5",
          "version": "0.9.0"
        }
      },
      {
        "package": "Stencil",
        "repositoryURL": "https://github.com/kylef/Stencil.git",
        "state": {
          "branch": null,
          "revision": "0e9a78d6584e3812cd9c09494d5c7b483e8f533c",
          "version": "0.13.1"
        }
      },
      {
        "package": "CloudFoundryEnv",
        "repositoryURL": "https://github.com/IBM-Swift/Swift-cfenv.git",
        "state": {
          "branch": null,
          "revision": "ec441a9af1b2995dcc697db75686ae76a034b33f",
          "version": "6.0.2"
        }
      },
      {
        "package": "SwiftPM",
        "repositoryURL": "https://github.com/apple/swift-package-manager.git",
        "state": {
          "branch": null,
          "revision": "235aacc514cb81a6881364b0fedcb3dd083228f3",
          "version": "0.3.0"
        }
      },
      {
        "package": "TypeDecoder",
        "repositoryURL": "https://github.com/IBM-Swift/TypeDecoder.git",
        "state": {
          "branch": null,
          "revision": "66550c1643740c58eae87df099c66144a85ae572",
          "version": "1.3.2"
        }
      },
      {
        "package": "Xgen",
        "repositoryURL": "https://github.com/JohnSundell/Xgen",
        "state": {
          "branch": null,
          "revision": "444b9ad8f9c7720578fc46dbd09e0487eac7ddb5",
          "version": "2.2.0"
        }
      },
      {
        "package": "ZIPFoundation",
        "repositoryURL": "https://github.com/krzyzanowskim/ZIPFoundation.git",
        "state": {
          "branch": "CZlib",
          "revision": "0b243ff82a3db7edb390b9523ffa2507607109df",
          "version": null
        }
      }
    ]
  },
  "version": 1
}
