{
  "object": {
    "pins": [
      {
        "package": "CryptoSwift",
        "repositoryURL": "https://github.com/krzyzanowskim/CryptoSwift.git",
        "state": {
          "branch": null,
          "revision": "d0084e4a6fe9490b3baab3d3c2aad58d3a852daf",
          "version": "0.8.0"
        }
      }
    ]
  },
  "version": 1
}
