{
  "object": {
    "pins": [
      {
        "package": "CryptoSwift",
        "repositoryURL": "https://github.com/krzyzanowskim/CryptoSwift.git",
        "state": {
          "branch": null,
          "revision": "ea8c0769151d7d9587e1768094a517890114391e",
          "version": "0.10.0"
        }
      }
    ]
  },
  "version": 1
}
